
Microsoft Visual Studio Solution File, Format Version 11.00
# Visual Studio 2010
Project("{2150E333-8FDC-42A3-9474-1A3956D46DE8}") = "Plugins", "Plugins", "{1B39C48B-5F4B-4556-A2B3-E4AC50F30B43}"
EndProject
Project("{FAE04EC0-301F-11D3-BF4B-00C04F79EFBC}") = "StaterV", "StaterV\StaterV.csproj", "{B90AF5E3-3BFA-4501-ADAB-CF32D2677DB7}"
EndProject
Project("{FAE04EC0-301F-11D3-BF4B-00C04F79EFBC}") = "StaterWPF", "StaterWPF\StaterWPF.csproj", "{8506DC5F-90B6-421A-88E8-CB3C33CE0C91}"
EndProject
Project("{FAE04EC0-301F-11D3-BF4B-00C04F79EFBC}") = "FirstPlugin", "FirstPlugin\FirstPlugin.csproj", "{5B7A672B-3DB0-4406-9DF1-D1BAE6726BF7}"
EndProject
Project("{FAE04EC0-301F-11D3-BF4B-00C04F79EFBC}") = "CSharpCodeGenerator1", "CSharpCodeGenerator1\CSharpCodeGenerator1.csproj", "{B21D8C78-FB92-4C38-8773-6ABB244BF407}"
EndProject
Project("{FAE04EC0-301F-11D3-BF4B-00C04F79EFBC}") = "Common", "Common\Common.csproj", "{542E45C9-9853-42DB-B1C5-1D540FA1700E}"
EndProject
Project("{FAE04EC0-301F-11D3-BF4B-00C04F79EFBC}") = "CppCodeGenerator", "CppCodeGenerator\CppCodeGenerator.csproj", "{00BCE648-24B5-4523-8180-74841842DD3C}"
	ProjectSection(ProjectDependencies) = postProject
		{B90AF5E3-3BFA-4501-ADAB-CF32D2677DB7} = {B90AF5E3-3BFA-4501-ADAB-CF32D2677DB7}
	EndProjectSection
EndProject
Project("{FAE04EC0-301F-11D3-BF4B-00C04F79EFBC}") = "SpinVeriff", "SpinVeriff\SpinVeriff.csproj", "{BFBB771A-D679-4C13-885D-BA6425773924}"
EndProject
Project("{FAE04EC0-301F-11D3-BF4B-00C04F79EFBC}") = "SpinVeriffWPF", "SpinVeriffWPF\SpinVeriffWPF.csproj", "{C4AF1EE4-CD8F-4A7B-9818-CBCBBCC7B2BC}"
EndProject
Project("{FAE04EC0-301F-11D3-BF4B-00C04F79EFBC}") = "PluginData", "PluginData\PluginData.csproj", "{41A0B9E4-C529-4F6D-8F69-AB0EE1AE6951}"
EndProject
Project("{FAE04EC0-301F-11D3-BF4B-00C04F79EFBC}") = "Ind1", "Ind1\Ind1.csproj", "{29B57FE7-013D-49C5-AEBA-A062637D36A3}"
EndProject
Project("{FAE04EC0-301F-11D3-BF4B-00C04F79EFBC}") = "CSMultyThread", "CSMultyThread\CSMultyThread.csproj", "{FC4128C8-7183-4097-9DFC-1C168D41F42B}"
EndProject
Project("{FAE04EC0-301F-11D3-BF4B-00C04F79EFBC}") = "TextProcessor", "TextProcessor\TextProcessor.csproj", "{412DC173-85E2-4A92-B886-11F173CB40E4}"
EndProject
Project("{FAE04EC0-301F-11D3-BF4B-00C04F79EFBC}") = "StaterVTest", "StaterVTest\StaterVTest.csproj", "{97A35264-A93D-46E4-9DCE-767D427DFA7D}"
EndProject
Project("{2150E333-8FDC-42A3-9474-1A3956D46DE8}") = "Solution Items", "Solution Items", "{16AA45D4-5DC2-4EA5-9016-ED33F6C3F07E}"
	ProjectSection(SolutionItems) = preProject
		Local.testsettings = Local.testsettings
		Stater.vsmdi = Stater.vsmdi
		TraceAndTestImpact.testsettings = TraceAndTestImpact.testsettings
	EndProjectSection
EndProject
Project("{FAE04EC0-301F-11D3-BF4B-00C04F79EFBC}") = "SpinVeriffTest", "SpinVeriffTest\SpinVeriffTest.csproj", "{D2D3393E-2248-4406-8065-FF4AEF919AC3}"
EndProject
Project("{FAE04EC0-301F-11D3-BF4B-00C04F79EFBC}") = "StateFlow", "StateFlow\StateFlow.csproj", "{2FC95B0A-B404-4E88-8FB0-11F357D2A7C1}"
EndProject
Project("{FAE04EC0-301F-11D3-BF4B-00C04F79EFBC}") = "JavaMultyThread", "JavaMultyThread\JavaMultyThread.csproj", "{5E9FF3AA-0784-4B4A-BCD2-9CCBC39D4D66}"
EndProject
Project("{FAE04EC0-301F-11D3-BF4B-00C04F79EFBC}") = "FBDK", "FBDK\FBDK.csproj", "{09FED13A-1642-496C-AE3F-F0A2770BE9A2}"
EndProject
Project("{FAE04EC0-301F-11D3-BF4B-00C04F79EFBC}") = "CFuncGenerator1", "CFuncGenerator1\CFuncGenerator1.csproj", "{EA67DB8A-BB10-4343-87A0-E91EDD783C8B}"
EndProject
Project("{FAE04EC0-301F-11D3-BF4B-00C04F79EFBC}") = "Stater", "src\Stater\Stater.csproj", "{EA81CCF1-284B-4E2D-8CB8-AE9C8EACC01E}"
EndProject
Project("{FAE04EC0-301F-11D3-BF4B-00C04F79EFBC}") = "CSharpCodeGenerator", "src\plugins\CSharpCodeGenerator\CSharpCodeGenerator.csproj", "{1FEC7964-E23A-4C78-99BC-13EFB4A55583}"
EndProject
Project("{FAE04EC0-301F-11D3-BF4B-00C04F79EFBC}") = "CFuncGenerator", "src\plugins\CFuncGenerator\CFuncGenerator.csproj", "{D6FCD3EA-3037-4EC4-B12A-ACB6B84E4D93}"
EndProject
Project("{2150E333-8FDC-42A3-9474-1A3956D46DE8}") = "AnalyzePlagin", "AnalyzePlagin", "{7D7715DC-EB37-4177-AB58-53E6DEC4D98F}"
EndProject
Global
	GlobalSection(TestCaseManagementSettings) = postSolution
		CategoryFile = Stater.vsmdi
	EndGlobalSection
	GlobalSection(SolutionConfigurationPlatforms) = preSolution
		Debug|Any CPU = Debug|Any CPU
		Release|Any CPU = Release|Any CPU
	EndGlobalSection
	GlobalSection(ProjectConfigurationPlatforms) = postSolution
		{B90AF5E3-3BFA-4501-ADAB-CF32D2677DB7}.Debug|Any CPU.ActiveCfg = Debug|Any CPU
		{B90AF5E3-3BFA-4501-ADAB-CF32D2677DB7}.Debug|Any CPU.Build.0 = Debug|Any CPU
		{B90AF5E3-3BFA-4501-ADAB-CF32D2677DB7}.Release|Any CPU.ActiveCfg = Release|Any CPU
		{B90AF5E3-3BFA-4501-ADAB-CF32D2677DB7}.Release|Any CPU.Build.0 = Release|Any CPU
		{8506DC5F-90B6-421A-88E8-CB3C33CE0C91}.Debug|Any CPU.ActiveCfg = Debug|Any CPU
		{8506DC5F-90B6-421A-88E8-CB3C33CE0C91}.Debug|Any CPU.Build.0 = Debug|Any CPU
		{8506DC5F-90B6-421A-88E8-CB3C33CE0C91}.Release|Any CPU.ActiveCfg = Release|Any CPU
		{8506DC5F-90B6-421A-88E8-CB3C33CE0C91}.Release|Any CPU.Build.0 = Release|Any CPU
		{5B7A672B-3DB0-4406-9DF1-D1BAE6726BF7}.Debug|Any CPU.ActiveCfg = Debug|Any CPU
		{5B7A672B-3DB0-4406-9DF1-D1BAE6726BF7}.Debug|Any CPU.Build.0 = Debug|Any CPU
		{5B7A672B-3DB0-4406-9DF1-D1BAE6726BF7}.Release|Any CPU.ActiveCfg = Release|Any CPU
		{5B7A672B-3DB0-4406-9DF1-D1BAE6726BF7}.Release|Any CPU.Build.0 = Release|Any CPU
		{B21D8C78-FB92-4C38-8773-6ABB244BF407}.Debug|Any CPU.ActiveCfg = Debug|Any CPU
		{B21D8C78-FB92-4C38-8773-6ABB244BF407}.Debug|Any CPU.Build.0 = Debug|Any CPU
		{B21D8C78-FB92-4C38-8773-6ABB244BF407}.Release|Any CPU.ActiveCfg = Release|Any CPU
		{B21D8C78-FB92-4C38-8773-6ABB244BF407}.Release|Any CPU.Build.0 = Release|Any CPU
		{542E45C9-9853-42DB-B1C5-1D540FA1700E}.Debug|Any CPU.ActiveCfg = Debug|Any CPU
		{542E45C9-9853-42DB-B1C5-1D540FA1700E}.Debug|Any CPU.Build.0 = Debug|Any CPU
		{542E45C9-9853-42DB-B1C5-1D540FA1700E}.Release|Any CPU.ActiveCfg = Release|Any CPU
		{542E45C9-9853-42DB-B1C5-1D540FA1700E}.Release|Any CPU.Build.0 = Release|Any CPU
		{00BCE648-24B5-4523-8180-74841842DD3C}.Debug|Any CPU.ActiveCfg = Debug|Any CPU
		{00BCE648-24B5-4523-8180-74841842DD3C}.Debug|Any CPU.Build.0 = Debug|Any CPU
		{00BCE648-24B5-4523-8180-74841842DD3C}.Release|Any CPU.ActiveCfg = Release|Any CPU
		{00BCE648-24B5-4523-8180-74841842DD3C}.Release|Any CPU.Build.0 = Release|Any CPU
		{BFBB771A-D679-4C13-885D-BA6425773924}.Debug|Any CPU.ActiveCfg = Debug|Any CPU
		{BFBB771A-D679-4C13-885D-BA6425773924}.Debug|Any CPU.Build.0 = Debug|Any CPU
		{BFBB771A-D679-4C13-885D-BA6425773924}.Release|Any CPU.ActiveCfg = Release|Any CPU
		{BFBB771A-D679-4C13-885D-BA6425773924}.Release|Any CPU.Build.0 = Release|Any CPU
		{C4AF1EE4-CD8F-4A7B-9818-CBCBBCC7B2BC}.Debug|Any CPU.ActiveCfg = Debug|Any CPU
		{C4AF1EE4-CD8F-4A7B-9818-CBCBBCC7B2BC}.Debug|Any CPU.Build.0 = Debug|Any CPU
		{C4AF1EE4-CD8F-4A7B-9818-CBCBBCC7B2BC}.Release|Any CPU.ActiveCfg = Release|Any CPU
		{C4AF1EE4-CD8F-4A7B-9818-CBCBBCC7B2BC}.Release|Any CPU.Build.0 = Release|Any CPU
		{41A0B9E4-C529-4F6D-8F69-AB0EE1AE6951}.Debug|Any CPU.ActiveCfg = Debug|Any CPU
		{41A0B9E4-C529-4F6D-8F69-AB0EE1AE6951}.Debug|Any CPU.Build.0 = Debug|Any CPU
		{41A0B9E4-C529-4F6D-8F69-AB0EE1AE6951}.Release|Any CPU.ActiveCfg = Release|Any CPU
		{41A0B9E4-C529-4F6D-8F69-AB0EE1AE6951}.Release|Any CPU.Build.0 = Release|Any CPU
		{29B57FE7-013D-49C5-AEBA-A062637D36A3}.Debug|Any CPU.ActiveCfg = Debug|Any CPU
		{29B57FE7-013D-49C5-AEBA-A062637D36A3}.Debug|Any CPU.Build.0 = Debug|Any CPU
		{29B57FE7-013D-49C5-AEBA-A062637D36A3}.Release|Any CPU.ActiveCfg = Release|Any CPU
		{29B57FE7-013D-49C5-AEBA-A062637D36A3}.Release|Any CPU.Build.0 = Release|Any CPU
		{FC4128C8-7183-4097-9DFC-1C168D41F42B}.Debug|Any CPU.ActiveCfg = Debug|Any CPU
		{FC4128C8-7183-4097-9DFC-1C168D41F42B}.Debug|Any CPU.Build.0 = Debug|Any CPU
		{FC4128C8-7183-4097-9DFC-1C168D41F42B}.Release|Any CPU.ActiveCfg = Release|Any CPU
		{FC4128C8-7183-4097-9DFC-1C168D41F42B}.Release|Any CPU.Build.0 = Release|Any CPU
		{412DC173-85E2-4A92-B886-11F173CB40E4}.Debug|Any CPU.ActiveCfg = Debug|Any CPU
		{412DC173-85E2-4A92-B886-11F173CB40E4}.Debug|Any CPU.Build.0 = Debug|Any CPU
		{412DC173-85E2-4A92-B886-11F173CB40E4}.Release|Any CPU.ActiveCfg = Release|Any CPU
		{412DC173-85E2-4A92-B886-11F173CB40E4}.Release|Any CPU.Build.0 = Release|Any CPU
		{97A35264-A93D-46E4-9DCE-767D427DFA7D}.Debug|Any CPU.ActiveCfg = Debug|Any CPU
		{97A35264-A93D-46E4-9DCE-767D427DFA7D}.Debug|Any CPU.Build.0 = Debug|Any CPU
		{97A35264-A93D-46E4-9DCE-767D427DFA7D}.Release|Any CPU.ActiveCfg = Release|Any CPU
		{97A35264-A93D-46E4-9DCE-767D427DFA7D}.Release|Any CPU.Build.0 = Release|Any CPU
		{D2D3393E-2248-4406-8065-FF4AEF919AC3}.Debug|Any CPU.ActiveCfg = Debug|Any CPU
		{D2D3393E-2248-4406-8065-FF4AEF919AC3}.Debug|Any CPU.Build.0 = Debug|Any CPU
		{D2D3393E-2248-4406-8065-FF4AEF919AC3}.Release|Any CPU.ActiveCfg = Release|Any CPU
		{D2D3393E-2248-4406-8065-FF4AEF919AC3}.Release|Any CPU.Build.0 = Release|Any CPU
		{2FC95B0A-B404-4E88-8FB0-11F357D2A7C1}.Debug|Any CPU.ActiveCfg = Debug|Any CPU
		{2FC95B0A-B404-4E88-8FB0-11F357D2A7C1}.Debug|Any CPU.Build.0 = Debug|Any CPU
		{2FC95B0A-B404-4E88-8FB0-11F357D2A7C1}.Release|Any CPU.ActiveCfg = Release|Any CPU
		{2FC95B0A-B404-4E88-8FB0-11F357D2A7C1}.Release|Any CPU.Build.0 = Release|Any CPU
		{5E9FF3AA-0784-4B4A-BCD2-9CCBC39D4D66}.Debug|Any CPU.ActiveCfg = Debug|Any CPU
		{5E9FF3AA-0784-4B4A-BCD2-9CCBC39D4D66}.Debug|Any CPU.Build.0 = Debug|Any CPU
		{5E9FF3AA-0784-4B4A-BCD2-9CCBC39D4D66}.Release|Any CPU.ActiveCfg = Release|Any CPU
		{5E9FF3AA-0784-4B4A-BCD2-9CCBC39D4D66}.Release|Any CPU.Build.0 = Release|Any CPU
		{09FED13A-1642-496C-AE3F-F0A2770BE9A2}.Debug|Any CPU.ActiveCfg = Debug|Any CPU
		{09FED13A-1642-496C-AE3F-F0A2770BE9A2}.Debug|Any CPU.Build.0 = Debug|Any CPU
		{09FED13A-1642-496C-AE3F-F0A2770BE9A2}.Release|Any CPU.ActiveCfg = Release|Any CPU
		{09FED13A-1642-496C-AE3F-F0A2770BE9A2}.Release|Any CPU.Build.0 = Release|Any CPU
		{EA67DB8A-BB10-4343-87A0-E91EDD783C8B}.Debug|Any CPU.ActiveCfg = Debug|Any CPU
		{EA67DB8A-BB10-4343-87A0-E91EDD783C8B}.Debug|Any CPU.Build.0 = Debug|Any CPU
		{EA67DB8A-BB10-4343-87A0-E91EDD783C8B}.Release|Any CPU.ActiveCfg = Release|Any CPU
		{EA67DB8A-BB10-4343-87A0-E91EDD783C8B}.Release|Any CPU.Build.0 = Release|Any CPU
		{EA81CCF1-284B-4E2D-8CB8-AE9C8EACC01E}.Debug|Any CPU.ActiveCfg = Debug|Any CPU
		{EA81CCF1-284B-4E2D-8CB8-AE9C8EACC01E}.Debug|Any CPU.Build.0 = Debug|Any CPU
		{EA81CCF1-284B-4E2D-8CB8-AE9C8EACC01E}.Release|Any CPU.ActiveCfg = Release|Any CPU
		{EA81CCF1-284B-4E2D-8CB8-AE9C8EACC01E}.Release|Any CPU.Build.0 = Release|Any CPU
		{1FEC7964-E23A-4C78-99BC-13EFB4A55583}.Debug|Any CPU.ActiveCfg = Debug|Any CPU
		{1FEC7964-E23A-4C78-99BC-13EFB4A55583}.Debug|Any CPU.Build.0 = Debug|Any CPU
		{1FEC7964-E23A-4C78-99BC-13EFB4A55583}.Release|Any CPU.ActiveCfg = Release|Any CPU
		{1FEC7964-E23A-4C78-99BC-13EFB4A55583}.Release|Any CPU.Build.0 = Release|Any CPU
		{D6FCD3EA-3037-4EC4-B12A-ACB6B84E4D93}.Debug|Any CPU.ActiveCfg = Debug|Any CPU
		{D6FCD3EA-3037-4EC4-B12A-ACB6B84E4D93}.Debug|Any CPU.Build.0 = Debug|Any CPU
		{D6FCD3EA-3037-4EC4-B12A-ACB6B84E4D93}.Release|Any CPU.ActiveCfg = Release|Any CPU
		{D6FCD3EA-3037-4EC4-B12A-ACB6B84E4D93}.Release|Any CPU.Build.0 = Release|Any CPU
	EndGlobalSection
	GlobalSection(SolutionProperties) = preSolution
		HideSolutionNode = FALSE
	EndGlobalSection
	GlobalSection(NestedProjects) = preSolution
		{B21D8C78-FB92-4C38-8773-6ABB244BF407} = {1B39C48B-5F4B-4556-A2B3-E4AC50F30B43}
		{542E45C9-9853-42DB-B1C5-1D540FA1700E} = {1B39C48B-5F4B-4556-A2B3-E4AC50F30B43}
		{00BCE648-24B5-4523-8180-74841842DD3C} = {1B39C48B-5F4B-4556-A2B3-E4AC50F30B43}
		{BFBB771A-D679-4C13-885D-BA6425773924} = {1B39C48B-5F4B-4556-A2B3-E4AC50F30B43}
		{C4AF1EE4-CD8F-4A7B-9818-CBCBBCC7B2BC} = {1B39C48B-5F4B-4556-A2B3-E4AC50F30B43}
		{29B57FE7-013D-49C5-AEBA-A062637D36A3} = {1B39C48B-5F4B-4556-A2B3-E4AC50F30B43}
		{FC4128C8-7183-4097-9DFC-1C168D41F42B} = {1B39C48B-5F4B-4556-A2B3-E4AC50F30B43}
		{D2D3393E-2248-4406-8065-FF4AEF919AC3} = {1B39C48B-5F4B-4556-A2B3-E4AC50F30B43}
		{5E9FF3AA-0784-4B4A-BCD2-9CCBC39D4D66} = {1B39C48B-5F4B-4556-A2B3-E4AC50F30B43}
		{09FED13A-1642-496C-AE3F-F0A2770BE9A2} = {1B39C48B-5F4B-4556-A2B3-E4AC50F30B43}
		{EA67DB8A-BB10-4343-87A0-E91EDD783C8B} = {1B39C48B-5F4B-4556-A2B3-E4AC50F30B43}
		{1FEC7964-E23A-4C78-99BC-13EFB4A55583} = {1B39C48B-5F4B-4556-A2B3-E4AC50F30B43}
		{D6FCD3EA-3037-4EC4-B12A-ACB6B84E4D93} = {1B39C48B-5F4B-4556-A2B3-E4AC50F30B43}
		{7D7715DC-EB37-4177-AB58-53E6DEC4D98F} = {1B39C48B-5F4B-4556-A2B3-E4AC50F30B43}
	EndGlobalSection
EndGlobal
